
Microsoft Visual Studio Solution File, Format Version 12.00
# Visual Studio Version 17
VisualStudioVersion = 17.4.33205.214
MinimumVisualStudioVersion = 10.0.40219.1
Project("{2150E333-8FDC-42A3-9474-1A3956D46DE8}") = "Core", "Core", "{0A5088CE-4A2C-4D02-A9F5-1645CD2CD103}"
EndProject
Project("{2150E333-8FDC-42A3-9474-1A3956D46DE8}") = "Infraestructure", "Infraestructure", "{395C06A7-0D7A-4890-8826-0BC459A58DEE}"
EndProject
Project("{2150E333-8FDC-42A3-9474-1A3956D46DE8}") = "Presentation", "Presentation", "{24D39160-AA71-422A-BB87-F8F4115EFCC5}"
EndProject
Project("{2150E333-8FDC-42A3-9474-1A3956D46DE8}") = "src", "src", "{61D0095C-9D31-40AF-9B9B-F1D191560D34}"
EndProject
Project("{FAE04EC0-301F-11D3-BF4B-00C04F79EFBC}") = "Application", "Application\Application.csproj", "{9A457EC7-4017-4922-B7F3-048639C1BE0B}"
EndProject
Project("{FAE04EC0-301F-11D3-BF4B-00C04F79EFBC}") = "Domain", "Domain\Domain.csproj", "{D54C47AD-0B94-4FF7-801D-CA855E089113}"
EndProject
Project("{FAE04EC0-301F-11D3-BF4B-00C04F79EFBC}") = "Persistence", "Persistence\Persistence.csproj", "{ACCD6401-DC90-4EDF-BF43-813F77370448}"
EndProject
Project("{FAE04EC0-301F-11D3-BF4B-00C04F79EFBC}") = "Shared", "Shared\Shared.csproj", "{30C2750C-4DDB-4D07-84FF-B2E415520DF9}"
EndProject
Project("{FAE04EC0-301F-11D3-BF4B-00C04F79EFBC}") = "WebAPI", "WebAPI\WebAPI.csproj", "{264269E0-8028-4429-B333-F1FB2EF410C5}"
EndProject
Global
	GlobalSection(SolutionConfigurationPlatforms) = preSolution
		Debug|Any CPU = Debug|Any CPU
		Release|Any CPU = Release|Any CPU
	EndGlobalSection
	GlobalSection(ProjectConfigurationPlatforms) = postSolution
		{9A457EC7-4017-4922-B7F3-048639C1BE0B}.Debug|Any CPU.ActiveCfg = Debug|Any CPU
		{9A457EC7-4017-4922-B7F3-048639C1BE0B}.Debug|Any CPU.Build.0 = Debug|Any CPU
		{9A457EC7-4017-4922-B7F3-048639C1BE0B}.Release|Any CPU.ActiveCfg = Release|Any CPU
		{9A457EC7-4017-4922-B7F3-048639C1BE0B}.Release|Any CPU.Build.0 = Release|Any CPU
		{D54C47AD-0B94-4FF7-801D-CA855E089113}.Debug|Any CPU.ActiveCfg = Debug|Any CPU
		{D54C47AD-0B94-4FF7-801D-CA855E089113}.Debug|Any CPU.Build.0 = Debug|Any CPU
		{D54C47AD-0B94-4FF7-801D-CA855E089113}.Release|Any CPU.ActiveCfg = Release|Any CPU
		{D54C47AD-0B94-4FF7-801D-CA855E089113}.Release|Any CPU.Build.0 = Release|Any CPU
		{ACCD6401-DC90-4EDF-BF43-813F77370448}.Debug|Any CPU.ActiveCfg = Debug|Any CPU
		{ACCD6401-DC90-4EDF-BF43-813F77370448}.Debug|Any CPU.Build.0 = Debug|Any CPU
		{ACCD6401-DC90-4EDF-BF43-813F77370448}.Release|Any CPU.ActiveCfg = Release|Any CPU
		{ACCD6401-DC90-4EDF-BF43-813F77370448}.Release|Any CPU.Build.0 = Release|Any CPU
		{30C2750C-4DDB-4D07-84FF-B2E415520DF9}.Debug|Any CPU.ActiveCfg = Debug|Any CPU
		{30C2750C-4DDB-4D07-84FF-B2E415520DF9}.Debug|Any CPU.Build.0 = Debug|Any CPU
		{30C2750C-4DDB-4D07-84FF-B2E415520DF9}.Release|Any CPU.ActiveCfg = Release|Any CPU
		{30C2750C-4DDB-4D07-84FF-B2E415520DF9}.Release|Any CPU.Build.0 = Release|Any CPU
		{264269E0-8028-4429-B333-F1FB2EF410C5}.Debug|Any CPU.ActiveCfg = Debug|Any CPU
		{264269E0-8028-4429-B333-F1FB2EF410C5}.Debug|Any CPU.Build.0 = Debug|Any CPU
		{264269E0-8028-4429-B333-F1FB2EF410C5}.Release|Any CPU.ActiveCfg = Release|Any CPU
		{264269E0-8028-4429-B333-F1FB2EF410C5}.Release|Any CPU.Build.0 = Release|Any CPU
	EndGlobalSection
	GlobalSection(SolutionProperties) = preSolution
		HideSolutionNode = FALSE
	EndGlobalSection
	GlobalSection(NestedProjects) = preSolution
		{0A5088CE-4A2C-4D02-A9F5-1645CD2CD103} = {61D0095C-9D31-40AF-9B9B-F1D191560D34}
		{395C06A7-0D7A-4890-8826-0BC459A58DEE} = {61D0095C-9D31-40AF-9B9B-F1D191560D34}
		{24D39160-AA71-422A-BB87-F8F4115EFCC5} = {61D0095C-9D31-40AF-9B9B-F1D191560D34}
		{9A457EC7-4017-4922-B7F3-048639C1BE0B} = {0A5088CE-4A2C-4D02-A9F5-1645CD2CD103}
		{D54C47AD-0B94-4FF7-801D-CA855E089113} = {0A5088CE-4A2C-4D02-A9F5-1645CD2CD103}
		{ACCD6401-DC90-4EDF-BF43-813F77370448} = {395C06A7-0D7A-4890-8826-0BC459A58DEE}
		{30C2750C-4DDB-4D07-84FF-B2E415520DF9} = {395C06A7-0D7A-4890-8826-0BC459A58DEE}
		{264269E0-8028-4429-B333-F1FB2EF410C5} = {24D39160-AA71-422A-BB87-F8F4115EFCC5}
	EndGlobalSection
	GlobalSection(ExtensibilityGlobals) = postSolution
		SolutionGuid = {CE1264F2-63FD-4833-A275-3A3C41D103E3}
	EndGlobalSection
EndGlobal
